
Microsoft Visual Studio Solution File, Format Version 12.00
# Visual Studio Version 17
VisualStudioVersion = 17.6.33815.320
MinimumVisualStudioVersion = 10.0.40219.1
Project("{8BC9CEB8-8B4A-11D0-8D11-00A0C91BC942}") = "Stack_Concurrency", "Stack_Concurrency.vcxproj", "{EDC86506-A03C-489F-BA16-9E4C96148B6B}"
EndProject
Global
	GlobalSection(SolutionConfigurationPlatforms) = preSolution
		Debug|x64 = Debug|x64
		Debug|x86 = Debug|x86
		Release|x64 = Release|x64
		Release|x86 = Release|x86
	EndGlobalSection
	GlobalSection(ProjectConfigurationPlatforms) = postSolution
		{EDC86506-A03C-489F-BA16-9E4C96148B6B}.Debug|x64.ActiveCfg = Debug|x64
		{EDC86506-A03C-489F-BA16-9E4C96148B6B}.Debug|x64.Build.0 = Debug|x64
		{EDC86506-A03C-489F-BA16-9E4C96148B6B}.Debug|x86.ActiveCfg = Debug|Win32
		{EDC86506-A03C-489F-BA16-9E4C96148B6B}.Debug|x86.Build.0 = Debug|Win32
		{EDC86506-A03C-489F-BA16-9E4C96148B6B}.Release|x64.ActiveCfg = Release|x64
		{EDC86506-A03C-489F-BA16-9E4C96148B6B}.Release|x64.Build.0 = Release|x64
		{EDC86506-A03C-489F-BA16-9E4C96148B6B}.Release|x86.ActiveCfg = Release|Win32
		{EDC86506-A03C-489F-BA16-9E4C96148B6B}.Release|x86.Build.0 = Release|Win32
	EndGlobalSection
	GlobalSection(SolutionProperties) = preSolution
		HideSolutionNode = FALSE
	EndGlobalSection
	GlobalSection(ExtensibilityGlobals) = postSolution
		SolutionGuid = {5B89A0DF-34E1-4DC7-9B6C-C1ACC87F6F67}
	EndGlobalSection
EndGlobal
